
Microsoft Visual Studio Solution File, Format Version 12.00
# Visual Studio 15
VisualStudioVersion = 15.0.26430.6
MinimumVisualStudioVersion = 10.0.40219.1
Project("{FAE04EC0-301F-11D3-BF4B-00C04F79EFBC}") = "Celloc", "Celloc\Celloc.csproj", "{D81681D6-7504-4E5D-9767-5B3DB28E882D}"
EndProject
Project("{FAE04EC0-301F-11D3-BF4B-00C04F79EFBC}") = "Celloc.Tests", "Celloc.Tests\Celloc.Tests.csproj", "{D032D2F9-691F-49F1-8C12-DDF7FA138B93}"
EndProject
Project("{2150E333-8FDC-42A3-9474-1A3956D46DE8}") = "Solution Items", "Solution Items", "{C520A01B-2B0F-4E0C-82CE-6C58C6F78309}"
	ProjectSection(SolutionItems) = preProject
		Celloc.nuspec = Celloc.nuspec
		README.md = README.md
	EndProjectSection
EndProject
Global
	GlobalSection(SolutionConfigurationPlatforms) = preSolution
		Debug|Any CPU = Debug|Any CPU
		Release|Any CPU = Release|Any CPU
	EndGlobalSection
	GlobalSection(ProjectConfigurationPlatforms) = postSolution
		{D81681D6-7504-4E5D-9767-5B3DB28E882D}.Debug|Any CPU.ActiveCfg = Debug|Any CPU
		{D81681D6-7504-4E5D-9767-5B3DB28E882D}.Debug|Any CPU.Build.0 = Debug|Any CPU
		{D81681D6-7504-4E5D-9767-5B3DB28E882D}.Release|Any CPU.ActiveCfg = Release|Any CPU
		{D81681D6-7504-4E5D-9767-5B3DB28E882D}.Release|Any CPU.Build.0 = Release|Any CPU
		{D032D2F9-691F-49F1-8C12-DDF7FA138B93}.Debug|Any CPU.ActiveCfg = Debug|Any CPU
		{D032D2F9-691F-49F1-8C12-DDF7FA138B93}.Debug|Any CPU.Build.0 = Debug|Any CPU
		{D032D2F9-691F-49F1-8C12-DDF7FA138B93}.Release|Any CPU.ActiveCfg = Release|Any CPU
		{D032D2F9-691F-49F1-8C12-DDF7FA138B93}.Release|Any CPU.Build.0 = Release|Any CPU
	EndGlobalSection
	GlobalSection(SolutionProperties) = preSolution
		HideSolutionNode = FALSE
	EndGlobalSection
	GlobalSection(ExtensibilityGlobals) = postSolution
		SolutionGuid = {11E3690D-BA2A-47B2-B211-D289BC0E2D67}
	EndGlobalSection
EndGlobal
